
Microsoft Visual Studio Solution File, Format Version 12.00
# Visual Studio Version 17
VisualStudioVersion = 17.3.32804.467
MinimumVisualStudioVersion = 10.0.40219.1
Project("{8BC9CEB8-8B4A-11D0-8D11-00A0C91BC942}") = "HTML_maker", "HTML_maker.vcxproj", "{3DBDAD86-5780-42B9-B042-88E32DCD5068}"
	ProjectSection(ProjectDependencies) = postProject
		{3F136974-E848-43B0-A835-878C8B8B0C8F} = {3F136974-E848-43B0-A835-878C8B8B0C8F}
		{621B308C-3D59-46D5-AF34-A020A647BAF9} = {621B308C-3D59-46D5-AF34-A020A647BAF9}
	EndProjectSection
EndProject
Project("{8BC9CEB8-8B4A-11D0-8D11-00A0C91BC942}") = "read", "read\read.vcxproj", "{621B308C-3D59-46D5-AF34-A020A647BAF9}"
EndProject
Project("{9A19103F-16F7-4668-BE54-9A1E7A4F7556}") = "WordRandomizer", "WordRandomizer\WordRandomizer.csproj", "{3F136974-E848-43B0-A835-878C8B8B0C8F}"
EndProject
Global
	GlobalSection(SolutionConfigurationPlatforms) = preSolution
		Debug|Any CPU = Debug|Any CPU
		Debug|x64 = Debug|x64
		Debug|x86 = Debug|x86
		Release|Any CPU = Release|Any CPU
		Release|x64 = Release|x64
		Release|x86 = Release|x86
	EndGlobalSection
	GlobalSection(ProjectConfigurationPlatforms) = postSolution
		{3DBDAD86-5780-42B9-B042-88E32DCD5068}.Debug|Any CPU.ActiveCfg = Debug|x64
		{3DBDAD86-5780-42B9-B042-88E32DCD5068}.Debug|Any CPU.Build.0 = Debug|x64
		{3DBDAD86-5780-42B9-B042-88E32DCD5068}.Debug|x64.ActiveCfg = Debug|x64
		{3DBDAD86-5780-42B9-B042-88E32DCD5068}.Debug|x64.Build.0 = Debug|x64
		{3DBDAD86-5780-42B9-B042-88E32DCD5068}.Debug|x86.ActiveCfg = Debug|Win32
		{3DBDAD86-5780-42B9-B042-88E32DCD5068}.Debug|x86.Build.0 = Debug|Win32
		{3DBDAD86-5780-42B9-B042-88E32DCD5068}.Release|Any CPU.ActiveCfg = Release|x64
		{3DBDAD86-5780-42B9-B042-88E32DCD5068}.Release|Any CPU.Build.0 = Release|x64
		{3DBDAD86-5780-42B9-B042-88E32DCD5068}.Release|x64.ActiveCfg = Release|x64
		{3DBDAD86-5780-42B9-B042-88E32DCD5068}.Release|x64.Build.0 = Release|x64
		{3DBDAD86-5780-42B9-B042-88E32DCD5068}.Release|x86.ActiveCfg = Release|Win32
		{3DBDAD86-5780-42B9-B042-88E32DCD5068}.Release|x86.Build.0 = Release|Win32
		{621B308C-3D59-46D5-AF34-A020A647BAF9}.Debug|Any CPU.ActiveCfg = Debug|x64
		{621B308C-3D59-46D5-AF34-A020A647BAF9}.Debug|Any CPU.Build.0 = Debug|x64
		{621B308C-3D59-46D5-AF34-A020A647BAF9}.Debug|x64.ActiveCfg = Debug|x64
		{621B308C-3D59-46D5-AF34-A020A647BAF9}.Debug|x64.Build.0 = Debug|x64
		{621B308C-3D59-46D5-AF34-A020A647BAF9}.Debug|x86.ActiveCfg = Debug|Win32
		{621B308C-3D59-46D5-AF34-A020A647BAF9}.Debug|x86.Build.0 = Debug|Win32
		{621B308C-3D59-46D5-AF34-A020A647BAF9}.Release|Any CPU.ActiveCfg = Release|x64
		{621B308C-3D59-46D5-AF34-A020A647BAF9}.Release|Any CPU.Build.0 = Release|x64
		{621B308C-3D59-46D5-AF34-A020A647BAF9}.Release|x64.ActiveCfg = Release|x64
		{621B308C-3D59-46D5-AF34-A020A647BAF9}.Release|x64.Build.0 = Release|x64
		{621B308C-3D59-46D5-AF34-A020A647BAF9}.Release|x86.ActiveCfg = Release|Win32
		{621B308C-3D59-46D5-AF34-A020A647BAF9}.Release|x86.Build.0 = Release|Win32
		{3F136974-E848-43B0-A835-878C8B8B0C8F}.Debug|Any CPU.ActiveCfg = Debug|Any CPU
		{3F136974-E848-43B0-A835-878C8B8B0C8F}.Debug|Any CPU.Build.0 = Debug|Any CPU
		{3F136974-E848-43B0-A835-878C8B8B0C8F}.Debug|x64.ActiveCfg = Debug|Any CPU
		{3F136974-E848-43B0-A835-878C8B8B0C8F}.Debug|x64.Build.0 = Debug|Any CPU
		{3F136974-E848-43B0-A835-878C8B8B0C8F}.Debug|x86.ActiveCfg = Debug|Any CPU
		{3F136974-E848-43B0-A835-878C8B8B0C8F}.Debug|x86.Build.0 = Debug|Any CPU
		{3F136974-E848-43B0-A835-878C8B8B0C8F}.Release|Any CPU.ActiveCfg = Release|Any CPU
		{3F136974-E848-43B0-A835-878C8B8B0C8F}.Release|Any CPU.Build.0 = Release|Any CPU
		{3F136974-E848-43B0-A835-878C8B8B0C8F}.Release|x64.ActiveCfg = Release|Any CPU
		{3F136974-E848-43B0-A835-878C8B8B0C8F}.Release|x64.Build.0 = Release|Any CPU
		{3F136974-E848-43B0-A835-878C8B8B0C8F}.Release|x86.ActiveCfg = Release|Any CPU
		{3F136974-E848-43B0-A835-878C8B8B0C8F}.Release|x86.Build.0 = Release|Any CPU
	EndGlobalSection
	GlobalSection(SolutionProperties) = preSolution
		HideSolutionNode = FALSE
	EndGlobalSection
	GlobalSection(ExtensibilityGlobals) = postSolution
		SolutionGuid = {AB73B90A-8857-447F-B762-B2274F862F82}
	EndGlobalSection
EndGlobal
